PODS:
  - Alamofire (5.6.2)
  - Cosmos (23.0.0)
  - Kingfisher (7.4.0)
  - Localize-Swift (3.2.0):
    - Localize-Swift/LocalizeSwiftCore (= 3.2.0)
    - Localize-Swift/UIKit (= 3.2.0)
  - Localize-Swift/LocalizeSwiftCore (3.2.0)
  - Localize-Swift/UIKit (3.2.0):
    - Localize-Swift/LocalizeSwiftCore
  - SkeletonView (1.30.3)
  - SwiftEntryKit (2.0.0)
  - SwiftyJSON (4.3.0)

DEPENDENCIES:
  - Alamofire
  - Cosmos
  - Kingfisher
  - Localize-Swift (~> 3.2)
  - SkeletonView
  - SwiftEntryKit
  - SwiftyJSON (~> 4.0)

SPEC REPOS:
  trunk:
    - Alamofire
    - Cosmos
    - Kingfisher
    - Localize-Swift
    - SkeletonView
    - SwiftEntryKit
    - SwiftyJSON

SPEC CHECKSUMS:
  Alamofire: d368e1ff8a298e6dde360e35a3e68e6c610e7204
  Cosmos: b5c6a9a637e28a061b54c8f8b1d8529d7d4db73f
  Kingfisher: 596b207973051aae5e4c54a1c1cb39837ea10d36
  Localize-Swift: 6f4475136bdb0d7b2882ea3d4ea919d70142b232
  SkeletonView: f5b099c708e42a278079a12bcaaf71c303be65a3
  SwiftEntryKit: 61b5fa36f34a97dd8013e48a7345bc4c4720be9a
  SwiftyJSON: 6faa0040f8b59dead0ee07436cbf76b73c08fd08

PODFILE CHECKSUM: e57b6d03bd9c414e695a0623f7090576b0c390e4

COCOAPODS: 1.11.3
